// !$*UTF8*$!
{
	archiveVersion = 1;
	classes = {
	};
	objectVersion = 52;
	objects = {

/* Begin PBXBuildFile section */
		DB2DB581259D556A0006A63C /* HypedListApp.swift in Sources */ = {isa = PBXBuildFile; fileRef = DB2DB580259D556A0006A63C /* HypedListApp.swift */; };
		DB2DB583259D556A0006A63C /* HypedListTabView.swift in Sources */ = {isa = PBXBuildFile; fileRef = DB2DB582259D556A0006A63C /* HypedListTabView.swift */; };
		DB2DB585259D556D0006A63C /* Assets.xcassets in Resources */ = {isa = PBXBuildFile; fileRef = DB2DB584259D556D0006A63C /* Assets.xcassets */; };
		DB2DB588259D556D0006A63C /* Preview Assets.xcassets in Resources */ = {isa = PBXBuildFile; fileRef = DB2DB587259D556D0006A63C /* Preview Assets.xcassets */; };
		DB2DB593259D585E0006A63C /* UpcomingView.swift in Sources */ = {isa = PBXBuildFile; fileRef = DB2DB592259D585E0006A63C /* UpcomingView.swift */; };
		DB2DB596259D58C10006A63C /* DiscoverView.swift in Sources */ = {isa = PBXBuildFile; fileRef = DB2DB595259D58C10006A63C /* DiscoverView.swift */; };
		DB2DB599259D58DE0006A63C /* PastView.swift in Sources */ = {isa = PBXBuildFile; fileRef = DB2DB598259D58DE0006A63C /* PastView.swift */; };
		DB2DB59C259D87CE0006A63C /* CreateHypedEvent.swift in Sources */ = {isa = PBXBuildFile; fileRef = DB2DB59B259D87CE0006A63C /* CreateHypedEvent.swift */; };
		DB2DB59F259D889F0006A63C /* HypedEvent.swift in Sources */ = {isa = PBXBuildFile; fileRef = DB2DB59E259D889F0006A63C /* HypedEvent.swift */; };
		DB2DB5A225A02C8C0006A63C /* FormLabelView.swift in Sources */ = {isa = PBXBuildFile; fileRef = DB2DB5A125A02C8C0006A63C /* FormLabelView.swift */; };
		DB2DB5AA25A10A970006A63C /* ImagePicker.swift in Sources */ = {isa = PBXBuildFile; fileRef = DB2DB5A925A10A970006A63C /* ImagePicker.swift */; };
		DB85F10525A29AF100EABCCA /* HypedEventTileView.swift in Sources */ = {isa = PBXBuildFile; fileRef = DB85F10425A29AF100EABCCA /* HypedEventTileView.swift */; };
		DB85F10925A6BCB800EABCCA /* SwiftDate in Frameworks */ = {isa = PBXBuildFile; productRef = DB85F10825A6BCB800EABCCA /* SwiftDate */; };
		DB85F10C25A80BBB00EABCCA /* DataController.swift in Sources */ = {isa = PBXBuildFile; fileRef = DB85F10B25A80BBB00EABCCA /* DataController.swift */; };
/* End PBXBuildFile section */

/* Begin PBXFileReference section */
		DB2DB57D259D556A0006A63C /* HypedList.app */ = {isa = PBXFileReference; explicitFileType = wrapper.application; includeInIndex = 0; path = HypedList.app; sourceTree = BUILT_PRODUCTS_DIR; };
		DB2DB580259D556A0006A63C /* HypedListApp.swift */ = {isa = PBXFileReference; lastKnownFileType = sourcecode.swift; path = HypedListApp.swift; sourceTree = "<group>"; };
		DB2DB582259D556A0006A63C /* HypedListTabView.swift */ = {isa = PBXFileReference; lastKnownFileType = sourcecode.swift; path = HypedListTabView.swift; sourceTree = "<group>"; };
		DB2DB584259D556D0006A63C /* Assets.xcassets */ = {isa = PBXFileReference; lastKnownFileType = folder.assetcatalog; path = Assets.xcassets; sourceTree = "<group>"; };
		DB2DB587259D556D0006A63C /* Preview Assets.xcassets */ = {isa = PBXFileReference; lastKnownFileType = folder.assetcatalog; path = "Preview Assets.xcassets"; sourceTree = "<group>"; };
		DB2DB589259D556D0006A63C /* Info.plist */ = {isa = PBXFileReference; lastKnownFileType = text.plist.xml; path = Info.plist; sourceTree = "<group>"; };
		DB2DB592259D585E0006A63C /* UpcomingView.swift */ = {isa = PBXFileReference; lastKnownFileType = sourcecode.swift; path = UpcomingView.swift; sourceTree = "<group>"; };
		DB2DB595259D58C10006A63C /* DiscoverView.swift */ = {isa = PBXFileReference; lastKnownFileType = sourcecode.swift; path = DiscoverView.swift; sourceTree = "<group>"; };
		DB2DB598259D58DE0006A63C /* PastView.swift */ = {isa = PBXFileReference; lastKnownFileType = sourcecode.swift; path = PastView.swift; sourceTree = "<group>"; };
		DB2DB59B259D87CE0006A63C /* CreateHypedEvent.swift */ = {isa = PBXFileReference; lastKnownFileType = sourcecode.swift; path = CreateHypedEvent.swift; sourceTree = "<group>"; };
		DB2DB59E259D889F0006A63C /* HypedEvent.swift */ = {isa = PBXFileReference; lastKnownFileType = sourcecode.swift; path = HypedEvent.swift; sourceTree = "<group>"; };
		DB2DB5A125A02C8C0006A63C /* FormLabelView.swift */ = {isa = PBXFileReference; lastKnownFileType = sourcecode.swift; path = FormLabelView.swift; sourceTree = "<group>"; };
		DB2DB5A925A10A970006A63C /* ImagePicker.swift */ = {isa = PBXFileReference; lastKnownFileType = sourcecode.swift; path = ImagePicker.swift; sourceTree = "<group>"; };
		DB85F10425A29AF100EABCCA /* HypedEventTileView.swift */ = {isa = PBXFileReference; lastKnownFileType = sourcecode.swift; path = HypedEventTileView.swift; sourceTree = "<group>"; };
		DB85F10B25A80BBB00EABCCA /* DataController.swift */ = {isa = PBXFileReference; lastKnownFileType = sourcecode.swift; path = DataController.swift; sourceTree = "<group>"; };
/* End PBXFileReference section */

/* Begin PBXFrameworksBuildPhase section */
		DB2DB57A259D556A0006A63C /* Frameworks */ = {
			isa = PBXFrameworksBuildPhase;
			buildActionMask = 2147483647;
			files = (
				DB85F10925A6BCB800EABCCA /* SwiftDate in Frameworks */,
			);
			runOnlyForDeploymentPostprocessing = 0;
		};
/* End PBXFrameworksBuildPhase section */

/* Begin PBXGroup section */
		DB2DB574259D556A0006A63C = {
			isa = PBXGroup;
			children = (
				DB2DB57F259D556A0006A63C /* HypedList */,
				DB2DB57E259D556A0006A63C /* Products */,
			);
			sourceTree = "<group>";
		};
		DB2DB57E259D556A0006A63C /* Products */ = {
			isa = PBXGroup;
			children = (
				DB2DB57D259D556A0006A63C /* HypedList.app */,
			);
			name = Products;
			sourceTree = "<group>";
		};
		DB2DB57F259D556A0006A63C /* HypedList */ = {
			isa = PBXGroup;
			children = (
				DB2DB580259D556A0006A63C /* HypedListApp.swift */,
				DB2DB59E259D889F0006A63C /* HypedEvent.swift */,
				DB2DB591259D58410006A63C /* Views */,
				DB2DB584259D556D0006A63C /* Assets.xcassets */,
				DB2DB589259D556D0006A63C /* Info.plist */,
				DB2DB586259D556D0006A63C /* Preview Content */,
				DB85F10B25A80BBB00EABCCA /* DataController.swift */,
			);
			path = HypedList;
			sourceTree = "<group>";
		};
		DB2DB586259D556D0006A63C /* Preview Content */ = {
			isa = PBXGroup;
			children = (
				DB2DB587259D556D0006A63C /* Preview Assets.xcassets */,
			);
			path = "Preview Content";
			sourceTree = "<group>";
		};
		DB2DB591259D58410006A63C /* Views */ = {
			isa = PBXGroup;
			children = (
				DB2DB582259D556A0006A63C /* HypedListTabView.swift */,
				DB2DB592259D585E0006A63C /* UpcomingView.swift */,
				DB2DB595259D58C10006A63C /* DiscoverView.swift */,
				DB2DB598259D58DE0006A63C /* PastView.swift */,
				DB2DB59B259D87CE0006A63C /* CreateHypedEvent.swift */,
				DB2DB5A125A02C8C0006A63C /* FormLabelView.swift */,
				DB2DB5A925A10A970006A63C /* ImagePicker.swift */,
				DB85F10425A29AF100EABCCA /* HypedEventTileView.swift */,
			);
			path = Views;
			sourceTree = "<group>";
		};
/* End PBXGroup section */

/* Begin PBXNativeTarget section */
		DB2DB57C259D556A0006A63C /* HypedList */ = {
			isa = PBXNativeTarget;
			buildConfigurationList = DB2DB58C259D556D0006A63C /* Build configuration list for PBXNativeTarget "HypedList" */;
			buildPhases = (
				DB2DB579259D556A0006A63C /* Sources */,
				DB2DB57A259D556A0006A63C /* Frameworks */,
				DB2DB57B259D556A0006A63C /* Resources */,
			);
			buildRules = (
			);
			dependencies = (
			);
			name = HypedList;
			packageProductDependencies = (
				DB85F10825A6BCB800EABCCA /* SwiftDate */,
			);
			productName = HypedList;
			productReference = DB2DB57D259D556A0006A63C /* HypedList.app */;
			productType = "com.apple.product-type.application";
		};
/* End PBXNativeTarget section */

/* Begin PBXProject section */
		DB2DB575259D556A0006A63C /* Project object */ = {
			isa = PBXProject;
			attributes = {
				LastSwiftUpdateCheck = 1230;
				LastUpgradeCheck = 1230;
				TargetAttributes = {
					DB2DB57C259D556A0006A63C = {
						CreatedOnToolsVersion = 12.3;
					};
				};
			};
			buildConfigurationList = DB2DB578259D556A0006A63C /* Build configuration list for PBXProject "HypedList" */;
			compatibilityVersion = "Xcode 9.3";
			developmentRegion = en;
			hasScannedForEncodings = 0;
			knownRegions = (
				en,
				Base,
			);
			mainGroup = DB2DB574259D556A0006A63C;
			packageReferences = (
				DB85F10725A6BCB800EABCCA /* XCRemoteSwiftPackageReference "SwiftDate" */,
			);
			productRefGroup = DB2DB57E259D556A0006A63C /* Products */;
			projectDirPath = "";
			projectRoot = "";
			targets = (
				DB2DB57C259D556A0006A63C /* HypedList */,
			);
		};
/* End PBXProject section */

/* Begin PBXResourcesBuildPhase section */
		DB2DB57B259D556A0006A63C /* Resources */ = {
			isa = PBXResourcesBuildPhase;
			buildActionMask = 2147483647;
			files = (
				DB2DB588259D556D0006A63C /* Preview Assets.xcassets in Resources */,
				DB2DB585259D556D0006A63C /* Assets.xcassets in Resources */,
			);
			runOnlyForDeploymentPostprocessing = 0;
		};
/* End PBXResourcesBuildPhase section */

/* Begin PBXSourcesBuildPhase section */
		DB2DB579259D556A0006A63C /* Sources */ = {
			isa = PBXSourcesBuildPhase;
			buildActionMask = 2147483647;
			files = (
				DB2DB583259D556A0006A63C /* HypedListTabView.swift in Sources */,
				DB2DB581259D556A0006A63C /* HypedListApp.swift in Sources */,
				DB2DB593259D585E0006A63C /* UpcomingView.swift in Sources */,
				DB2DB5AA25A10A970006A63C /* ImagePicker.swift in Sources */,
				DB2DB596259D58C10006A63C /* DiscoverView.swift in Sources */,
				DB85F10C25A80BBB00EABCCA /* DataController.swift in Sources */,
				DB2DB59F259D889F0006A63C /* HypedEvent.swift in Sources */,
				DB2DB599259D58DE0006A63C /* PastView.swift in Sources */,
				DB2DB5A225A02C8C0006A63C /* FormLabelView.swift in Sources */,
				DB85F10525A29AF100EABCCA /* HypedEventTileView.swift in Sources */,
				DB2DB59C259D87CE0006A63C /* CreateHypedEvent.swift in Sources */,
			);
			runOnlyForDeploymentPostprocessing = 0;
		};
/* End PBXSourcesBuildPhase section */

/* Begin XCBuildConfiguration section */
		DB2DB58A259D556D0006A63C /* Debug */ = {
			isa = XCBuildConfiguration;
			buildSettings = {
				ALWAYS_SEARCH_USER_PATHS = NO;
				CLANG_ANALYZER_NONNULL = YES;
				CLANG_ANALYZER_NUMBER_OBJECT_CONVERSION = YES_AGGRESSIVE;
				CLANG_CXX_LANGUAGE_STANDARD = "gnu++14";
				CLANG_CXX_LIBRARY = "libc++";
				CLANG_ENABLE_MODULES = YES;
				CLANG_ENABLE_OBJC_ARC = YES;
				CLANG_ENABLE_OBJC_WEAK = YES;
				CLANG_WARN_BLOCK_CAPTURE_AUTORELEASING = YES;
				CLANG_WARN_BOOL_CONVERSION = YES;
				CLANG_WARN_COMMA = YES;
				CLANG_WARN_CONSTANT_CONVERSION = YES;
				CLANG_WARN_DEPRECATED_OBJC_IMPLEMENTATIONS = YES;
				CLANG_WARN_DIRECT_OBJC_ISA_USAGE = YES_ERROR;
				CLANG_WARN_DOCUMENTATION_COMMENTS = YES;
				CLANG_WARN_EMPTY_BODY = YES;
				CLANG_WARN_ENUM_CONVERSION = YES;
				CLANG_WARN_INFINITE_RECURSION = YES;
				CLANG_WARN_INT_CONVERSION = YES;
				CLANG_WARN_NON_LITERAL_NULL_CONVERSION = YES;
				CLANG_WARN_OBJC_IMPLICIT_RETAIN_SELF = YES;
				CLANG_WARN_OBJC_LITERAL_CONVERSION = YES;
				CLANG_WARN_OBJC_ROOT_CLASS = YES_ERROR;
				CLANG_WARN_QUOTED_INCLUDE_IN_FRAMEWORK_HEADER = YES;
				CLANG_WARN_RANGE_LOOP_ANALYSIS = YES;
				CLANG_WARN_STRICT_PROTOTYPES = YES;
				CLANG_WARN_SUSPICIOUS_MOVE = YES;
				CLANG_WARN_UNGUARDED_AVAILABILITY = YES_AGGRESSIVE;
				CLANG_WARN_UNREACHABLE_CODE = YES;
				CLANG_WARN__DUPLICATE_METHOD_MATCH = YES;
				COPY_PHASE_STRIP = NO;
				DEBUG_INFORMATION_FORMAT = dwarf;
				ENABLE_STRICT_OBJC_MSGSEND = YES;
				ENABLE_TESTABILITY = YES;
				GCC_C_LANGUAGE_STANDARD = gnu11;
				GCC_DYNAMIC_NO_PIC = NO;
				GCC_NO_COMMON_BLOCKS = YES;
				GCC_OPTIMIZATION_LEVEL = 0;
				GCC_PREPROCESSOR_DEFINITIONS = (
					"DEBUG=1",
					"$(inherited)",
				);
				GCC_WARN_64_TO_32_BIT_CONVERSION = YES;
				GCC_WARN_ABOUT_RETURN_TYPE = YES_ERROR;
				GCC_WARN_UNDECLARED_SELECTOR = YES;
				GCC_WARN_UNINITIALIZED_AUTOS = YES_AGGRESSIVE;
				GCC_WARN_UNUSED_FUNCTION = YES;
				GCC_WARN_UNUSED_VARIABLE = YES;
				IPHONEOS_DEPLOYMENT_TARGET = 14.3;
				MTL_ENABLE_DEBUG_INFO = INCLUDE_SOURCE;
				MTL_FAST_MATH = YES;
				ONLY_ACTIVE_ARCH = YES;
				SDKROOT = iphoneos;
				SWIFT_ACTIVE_COMPILATION_CONDITIONS = DEBUG;
				SWIFT_OPTIMIZATION_LEVEL = "-Onone";
			};
			name = Debug;
		};
		DB2DB58B259D556D0006A63C /* Release */ = {
			isa = XCBuildConfiguration;
			buildSettings = {
				ALWAYS_SEARCH_USER_PATHS = NO;
				CLANG_ANALYZER_NONNULL = YES;
				CLANG_ANALYZER_NUMBER_OBJECT_CONVERSION = YES_AGGRESSIVE;
				CLANG_CXX_LANGUAGE_STANDARD = "gnu++14";
				CLANG_CXX_LIBRARY = "libc++";
				CLANG_ENABLE_MODULES = YES;
				CLANG_ENABLE_OBJC_ARC = YES;
				CLANG_ENABLE_OBJC_WEAK = YES;
				CLANG_WARN_BLOCK_CAPTURE_AUTORELEASING = YES;
				CLANG_WARN_BOOL_CONVERSION = YES;
				CLANG_WARN_COMMA = YES;
				CLANG_WARN_CONSTANT_CONVERSION = YES;
				CLANG_WARN_DEPRECATED_OBJC_IMPLEMENTATIONS = YES;
				CLANG_WARN_DIRECT_OBJC_ISA_USAGE = YES_ERROR;
				CLANG_WARN_DOCUMENTATION_COMMENTS = YES;
				CLANG_WARN_EMPTY_BODY = YES;
				CLANG_WARN_ENUM_CONVERSION = YES;
				CLANG_WARN_INFINITE_RECURSION = YES;
				CLANG_WARN_INT_CONVERSION = YES;
				CLANG_WARN_NON_LITERAL_NULL_CONVERSION = YES;
				CLANG_WARN_OBJC_IMPLICIT_RETAIN_SELF = YES;
				CLANG_WARN_OBJC_LITERAL_CONVERSION = YES;
				CLANG_WARN_OBJC_ROOT_CLASS = YES_ERROR;
				CLANG_WARN_QUOTED_INCLUDE_IN_FRAMEWORK_HEADER = YES;
				CLANG_WARN_RANGE_LOOP_ANALYSIS = YES;
				CLANG_WARN_STRICT_PROTOTYPES = YES;
				CLANG_WARN_SUSPICIOUS_MOVE = YES;
				CLANG_WARN_UNGUARDED_AVAILABILITY = YES_AGGRESSIVE;
				CLANG_WARN_UNREACHABLE_CODE = YES;
				CLANG_WARN__DUPLICATE_METHOD_MATCH = YES;
				COPY_PHASE_STRIP = NO;
				DEBUG_INFORMATION_FORMAT = "dwarf-with-dsym";
				ENABLE_NS_ASSERTIONS = NO;
				ENABLE_STRICT_OBJC_MSGSEND = YES;
				GCC_C_LANGUAGE_STANDARD = gnu11;
				GCC_NO_COMMON_BLOCKS = YES;
				GCC_WARN_64_TO_32_BIT_CONVERSION = YES;
				GCC_WARN_ABOUT_RETURN_TYPE = YES_ERROR;
				GCC_WARN_UNDECLARED_SELECTOR = YES;
				GCC_WARN_UNINITIALIZED_AUTOS = YES_AGGRESSIVE;
				GCC_WARN_UNUSED_FUNCTION = YES;
				GCC_WARN_UNUSED_VARIABLE = YES;
				IPHONEOS_DEPLOYMENT_TARGET = 14.3;
				MTL_ENABLE_DEBUG_INFO = NO;
				MTL_FAST_MATH = YES;
				SDKROOT = iphoneos;
				SWIFT_COMPILATION_MODE = wholemodule;
				SWIFT_OPTIMIZATION_LEVEL = "-O";
				VALIDATE_PRODUCT = YES;
			};
			name = Release;
		};
		DB2DB58D259D556D0006A63C /* Debug */ = {
			isa = XCBuildConfiguration;
			buildSettings = {
				ASSETCATALOG_COMPILER_APPICON_NAME = AppIcon;
				ASSETCATALOG_COMPILER_GLOBAL_ACCENT_COLOR_NAME = AccentColor;
				CODE_SIGN_STYLE = Automatic;
				DEVELOPMENT_ASSET_PATHS = "\"HypedList/Preview Content\"";
				ENABLE_PREVIEWS = YES;
				INFOPLIST_FILE = HypedList/Info.plist;
				IPHONEOS_DEPLOYMENT_TARGET = 14.0;
				LD_RUNPATH_SEARCH_PATHS = (
					"$(inherited)",
					"@executable_path/Frameworks",
				);
				PRODUCT_BUNDLE_IDENTIFIER = io.trainingtrack.HypedList;
				PRODUCT_NAME = "$(TARGET_NAME)";
				SWIFT_VERSION = 5.0;
				TARGETED_DEVICE_FAMILY = "1,2";
			};
			name = Debug;
		};
		DB2DB58E259D556D0006A63C /* Release */ = {
			isa = XCBuildConfiguration;
			buildSettings = {
				ASSETCATALOG_COMPILER_APPICON_NAME = AppIcon;
				ASSETCATALOG_COMPILER_GLOBAL_ACCENT_COLOR_NAME = AccentColor;
				CODE_SIGN_STYLE = Automatic;
				DEVELOPMENT_ASSET_PATHS = "\"HypedList/Preview Content\"";
				ENABLE_PREVIEWS = YES;
				INFOPLIST_FILE = HypedList/Info.plist;
				IPHONEOS_DEPLOYMENT_TARGET = 14.0;
				LD_RUNPATH_SEARCH_PATHS = (
					"$(inherited)",
					"@executable_path/Frameworks",
				);
				PRODUCT_BUNDLE_IDENTIFIER = io.trainingtrack.HypedList;
				PRODUCT_NAME = "$(TARGET_NAME)";
				SWIFT_VERSION = 5.0;
				TARGETED_DEVICE_FAMILY = "1,2";
			};
			name = Release;
		};
/* End XCBuildConfiguration section */

/* Begin XCConfigurationList section */
		DB2DB578259D556A0006A63C /* Build configuration list for PBXProject "HypedList" */ = {
			isa = XCConfigurationList;
			buildConfigurations = (
				DB2DB58A259D556D0006A63C /* Debug */,
				DB2DB58B259D556D0006A63C /* Release */,
			);
			defaultConfigurationIsVisible = 0;
			defaultConfigurationName = Release;
		};
		DB2DB58C259D556D0006A63C /* Build configuration list for PBXNativeTarget "HypedList" */ = {
			isa = XCConfigurationList;
			buildConfigurations = (
				DB2DB58D259D556D0006A63C /* Debug */,
				DB2DB58E259D556D0006A63C /* Release */,
			);
			defaultConfigurationIsVisible = 0;
			defaultConfigurationName = Release;
		};
/* End XCConfigurationList section */

/* Begin XCRemoteSwiftPackageReference section */
		DB85F10725A6BCB800EABCCA /* XCRemoteSwiftPackageReference "SwiftDate" */ = {
			isa = XCRemoteSwiftPackageReference;
			repositoryURL = "https://github.com/malcommac/SwiftDate.git";
			requirement = {
				kind = upToNextMajorVersion;
				minimumVersion = 6.2.0;
			};
		};
/* End XCRemoteSwiftPackageReference section */

/* Begin XCSwiftPackageProductDependency section */
		DB85F10825A6BCB800EABCCA /* SwiftDate */ = {
			isa = XCSwiftPackageProductDependency;
			package = DB85F10725A6BCB800EABCCA /* XCRemoteSwiftPackageReference "SwiftDate" */;
			productName = SwiftDate;
		};
/* End XCSwiftPackageProductDependency section */
	};
	rootObject = DB2DB575259D556A0006A63C /* Project object */;
}
